
Microsoft Visual Studio Solution File, Format Version 12.00
# Visual Studio 15
VisualStudioVersion = 15.0.28307.329
MinimumVisualStudioVersion = 10.0.40219.1
Project("{8BC9CEB8-8B4A-11D0-8D11-00A0C91BC942}") = "Framework", "build\Framework\Framework.vcxproj", "{7F429927-85F1-402C-9E13-EA22B2F83E67}"
	ProjectSection(ProjectDependencies) = postProject
		{36B42F5C-23B9-4EAE-A4E3-AE8588824039} = {36B42F5C-23B9-4EAE-A4E3-AE8588824039}
		{2E8D0066-AAF3-4944-A2A2-FE338D48BC6B} = {2E8D0066-AAF3-4944-A2A2-FE338D48BC6B}
	EndProjectSection
EndProject
Project("{8BC9CEB8-8B4A-11D0-8D11-00A0C91BC942}") = "Source", "build\Source\Source.vcxproj", "{36B42F5C-23B9-4EAE-A4E3-AE8588824039}"
EndProject
Project("{8BC9CEB8-8B4A-11D0-8D11-00A0C91BC942}") = "Resources", "build\Resources\Resources.vcxproj", "{2E8D0066-AAF3-4944-A2A2-FE338D48BC6B}"
EndProject
Global
	GlobalSection(SolutionConfigurationPlatforms) = preSolution
		Debug|x64 = Debug|x64
		Debug|x86 = Debug|x86
		DebugEG|x64 = DebugEG|x64
		DebugEG|x86 = DebugEG|x86
		Release|x64 = Release|x64
		Release|x86 = Release|x86
		ReleaseEG|x64 = ReleaseEG|x64
		ReleaseEG|x86 = ReleaseEG|x86
	EndGlobalSection
	GlobalSection(ProjectConfigurationPlatforms) = postSolution
		{7F429927-85F1-402C-9E13-EA22B2F83E67}.Debug|x64.ActiveCfg = Debug|x64
		{7F429927-85F1-402C-9E13-EA22B2F83E67}.Debug|x64.Build.0 = Debug|x64
		{7F429927-85F1-402C-9E13-EA22B2F83E67}.Debug|x86.ActiveCfg = Debug|Win32
		{7F429927-85F1-402C-9E13-EA22B2F83E67}.Debug|x86.Build.0 = Debug|Win32
		{7F429927-85F1-402C-9E13-EA22B2F83E67}.DebugEG|x64.ActiveCfg = Debug|x64
		{7F429927-85F1-402C-9E13-EA22B2F83E67}.DebugEG|x64.Build.0 = Debug|x64
		{7F429927-85F1-402C-9E13-EA22B2F83E67}.DebugEG|x86.ActiveCfg = Debug|Win32
		{7F429927-85F1-402C-9E13-EA22B2F83E67}.DebugEG|x86.Build.0 = Debug|Win32
		{7F429927-85F1-402C-9E13-EA22B2F83E67}.Release|x64.ActiveCfg = Release|x64
		{7F429927-85F1-402C-9E13-EA22B2F83E67}.Release|x64.Build.0 = Release|x64
		{7F429927-85F1-402C-9E13-EA22B2F83E67}.Release|x86.ActiveCfg = Debug|Win32
		{7F429927-85F1-402C-9E13-EA22B2F83E67}.Release|x86.Build.0 = Debug|Win32
		{7F429927-85F1-402C-9E13-EA22B2F83E67}.ReleaseEG|x64.ActiveCfg = Release|x64
		{7F429927-85F1-402C-9E13-EA22B2F83E67}.ReleaseEG|x64.Build.0 = Release|x64
		{7F429927-85F1-402C-9E13-EA22B2F83E67}.ReleaseEG|x86.ActiveCfg = Release|Win32
		{7F429927-85F1-402C-9E13-EA22B2F83E67}.ReleaseEG|x86.Build.0 = Release|Win32
		{36B42F5C-23B9-4EAE-A4E3-AE8588824039}.Debug|x64.ActiveCfg = Debug|x64
		{36B42F5C-23B9-4EAE-A4E3-AE8588824039}.Debug|x64.Build.0 = Debug|x64
		{36B42F5C-23B9-4EAE-A4E3-AE8588824039}.Debug|x86.ActiveCfg = Debug|Win32
		{36B42F5C-23B9-4EAE-A4E3-AE8588824039}.Debug|x86.Build.0 = Debug|Win32
		{36B42F5C-23B9-4EAE-A4E3-AE8588824039}.DebugEG|x64.ActiveCfg = Debug|x64
		{36B42F5C-23B9-4EAE-A4E3-AE8588824039}.DebugEG|x64.Build.0 = Debug|x64
		{36B42F5C-23B9-4EAE-A4E3-AE8588824039}.DebugEG|x86.ActiveCfg = Debug|Win32
		{36B42F5C-23B9-4EAE-A4E3-AE8588824039}.DebugEG|x86.Build.0 = Debug|Win32
		{36B42F5C-23B9-4EAE-A4E3-AE8588824039}.Release|x64.ActiveCfg = Release|x64
		{36B42F5C-23B9-4EAE-A4E3-AE8588824039}.Release|x64.Build.0 = Release|x64
		{36B42F5C-23B9-4EAE-A4E3-AE8588824039}.Release|x86.ActiveCfg = Release|Win32
		{36B42F5C-23B9-4EAE-A4E3-AE8588824039}.Release|x86.Build.0 = Release|Win32
		{36B42F5C-23B9-4EAE-A4E3-AE8588824039}.ReleaseEG|x64.ActiveCfg = Release|x64
		{36B42F5C-23B9-4EAE-A4E3-AE8588824039}.ReleaseEG|x64.Build.0 = Release|x64
		{36B42F5C-23B9-4EAE-A4E3-AE8588824039}.ReleaseEG|x86.ActiveCfg = Release|Win32
		{36B42F5C-23B9-4EAE-A4E3-AE8588824039}.ReleaseEG|x86.Build.0 = Release|Win32
		{2E8D0066-AAF3-4944-A2A2-FE338D48BC6B}.Debug|x64.ActiveCfg = Debug|x64
		{2E8D0066-AAF3-4944-A2A2-FE338D48BC6B}.Debug|x64.Build.0 = Debug|x64
		{2E8D0066-AAF3-4944-A2A2-FE338D48BC6B}.Debug|x86.ActiveCfg = Debug|Win32
		{2E8D0066-AAF3-4944-A2A2-FE338D48BC6B}.Debug|x86.Build.0 = Debug|Win32
		{2E8D0066-AAF3-4944-A2A2-FE338D48BC6B}.DebugEG|x64.ActiveCfg = DebugEG|x64
		{2E8D0066-AAF3-4944-A2A2-FE338D48BC6B}.DebugEG|x86.ActiveCfg = DebugEG|Win32
		{2E8D0066-AAF3-4944-A2A2-FE338D48BC6B}.Release|x64.ActiveCfg = Release|x64
		{2E8D0066-AAF3-4944-A2A2-FE338D48BC6B}.Release|x64.Build.0 = Release|x64
		{2E8D0066-AAF3-4944-A2A2-FE338D48BC6B}.Release|x86.ActiveCfg = Release|Win32
		{2E8D0066-AAF3-4944-A2A2-FE338D48BC6B}.Release|x86.Build.0 = Release|Win32
		{2E8D0066-AAF3-4944-A2A2-FE338D48BC6B}.ReleaseEG|x64.ActiveCfg = Release|x64
		{2E8D0066-AAF3-4944-A2A2-FE338D48BC6B}.ReleaseEG|x86.ActiveCfg = Release|Win32
	EndGlobalSection
	GlobalSection(SolutionProperties) = preSolution
		HideSolutionNode = FALSE
	EndGlobalSection
	GlobalSection(ExtensibilityGlobals) = postSolution
		SolutionGuid = {DE97F6C5-6B46-448A-8FD1-08E197A9A4A1}
	EndGlobalSection
EndGlobal
